
Microsoft Visual Studio Solution File, Format Version 12.00
# Visual Studio 15
VisualStudioVersion = 15.0.28307.757
MinimumVisualStudioVersion = 10.0.40219.1
Project("{FAE04EC0-301F-11D3-BF4B-00C04F79EFBC}") = "AutomatedTesting", "AutomatedTesting\AutomatedTesting.csproj", "{9CF8579A-5BC9-48A9-9305-B9EBC96F170D}"
EndProject
Project("{FAE04EC0-301F-11D3-BF4B-00C04F79EFBC}") = "AutomatedTesting.Console", "AutomatedTesting.Console\AutomatedTesting.Console.csproj", "{2FBF39AC-901A-4FC8-A79E-FA953645D0A6}"
EndProject
Global
	GlobalSection(SolutionConfigurationPlatforms) = preSolution
		Debug|Any CPU = Debug|Any CPU
		Release|Any CPU = Release|Any CPU
	EndGlobalSection
	GlobalSection(ProjectConfigurationPlatforms) = postSolution
		{9CF8579A-5BC9-48A9-9305-B9EBC96F170D}.Debug|Any CPU.ActiveCfg = Debug|Any CPU
		{9CF8579A-5BC9-48A9-9305-B9EBC96F170D}.Debug|Any CPU.Build.0 = Debug|Any CPU
		{9CF8579A-5BC9-48A9-9305-B9EBC96F170D}.Release|Any CPU.ActiveCfg = Release|Any CPU
		{9CF8579A-5BC9-48A9-9305-B9EBC96F170D}.Release|Any CPU.Build.0 = Release|Any CPU
		{2FBF39AC-901A-4FC8-A79E-FA953645D0A6}.Debug|Any CPU.ActiveCfg = Debug|Any CPU
		{2FBF39AC-901A-4FC8-A79E-FA953645D0A6}.Debug|Any CPU.Build.0 = Debug|Any CPU
		{2FBF39AC-901A-4FC8-A79E-FA953645D0A6}.Release|Any CPU.ActiveCfg = Release|Any CPU
		{2FBF39AC-901A-4FC8-A79E-FA953645D0A6}.Release|Any CPU.Build.0 = Release|Any CPU
	EndGlobalSection
	GlobalSection(SolutionProperties) = preSolution
		HideSolutionNode = FALSE
	EndGlobalSection
	GlobalSection(ExtensibilityGlobals) = postSolution
		SolutionGuid = {31384159-E699-48B6-9019-2C708C20EF26}
	EndGlobalSection
EndGlobal
